
Microsoft Visual Studio Solution File, Format Version 12.00
# Visual Studio 15
VisualStudioVersion = 15.0.27428.2002
MinimumVisualStudioVersion = 10.0.40219.1
Project("{FAE04EC0-301F-11D3-BF4B-00C04F79EFBC}") = "MVCEgitimi02", "MVCEgitimi02\MVCEgitimi02.csproj", "{DCBBAAD9-2263-41BB-85B6-C8BA096613EF}"
EndProject
Global
	GlobalSection(SolutionConfigurationPlatforms) = preSolution
		Debug|Any CPU = Debug|Any CPU
		Release|Any CPU = Release|Any CPU
	EndGlobalSection
	GlobalSection(ProjectConfigurationPlatforms) = postSolution
		{DCBBAAD9-2263-41BB-85B6-C8BA096613EF}.Debug|Any CPU.ActiveCfg = Release|Any CPU
		{DCBBAAD9-2263-41BB-85B6-C8BA096613EF}.Debug|Any CPU.Build.0 = Release|Any CPU
		{DCBBAAD9-2263-41BB-85B6-C8BA096613EF}.Release|Any CPU.ActiveCfg = Release|Any CPU
		{DCBBAAD9-2263-41BB-85B6-C8BA096613EF}.Release|Any CPU.Build.0 = Release|Any CPU
	EndGlobalSection
	GlobalSection(SolutionProperties) = preSolution
		HideSolutionNode = FALSE
	EndGlobalSection
	GlobalSection(ExtensibilityGlobals) = postSolution
		SolutionGuid = {612569D3-DF9E-4C4E-A77D-7DD0FAFABB7F}
	EndGlobalSection
EndGlobal
